{
  "name": "gulu",
  "version": "0.0.1",
  "lockfileVersion": 1,
  "requires": true,
  "dependencies": {
    "@vue/component-compiler-utils": {
      "version": "2.0.0",
      "resolved": "http://registry.npm.taobao.org/@vue/component-compiler-utils/download/@vue/component-compiler-utils-2.0.0.tgz",
      "integrity": "sha1-6i5G0ExSGvvOkaARri6wlGA2Kks=",
      "dev": true,
      "requires": {
        "consolidate": "0.15.1",
        "hash-sum": "1.0.2",
        "lru-cache": "4.1.3",
        "merge-source-map": "1.1.0",
        "postcss": "6.0.23",
        "postcss-selector-parser": "3.1.1",
        "prettier": "1.13.5",
        "source-map": "0.5.7",
        "vue-template-es2015-compiler": "1.6.0"
      }
    },
    "ansi-styles": {
      "version": "3.2.1",
      "resolved": "http://registry.npm.taobao.org/ansi-styles/download/ansi-styles-3.2.1.tgz",
      "integrity": "sha1-QfuyAkPlCxK+DwS43tvwdSDOhB0=",
      "dev": true,
      "requires": {
        "color-convert": "1.9.2"
      }
    },
    "bluebird": {
      "version": "3.5.1",
      "resolved": "http://registry.npm.taobao.org/bluebird/download/bluebird-3.5.1.tgz",
      "integrity": "sha1-2VUfnemPH82h5oPRfukaBgLuLrk=",
      "dev": true
    },
    "chalk": {
      "version": "2.4.1",
      "resolved": "http://registry.npm.taobao.org/chalk/download/chalk-2.4.1.tgz",
      "integrity": "sha1-GMSasWoDe26wFSzIPjRxM4IVtm4=",
      "dev": true,
      "requires": {
        "ansi-styles": "3.2.1",
        "escape-string-regexp": "1.0.5",
        "supports-color": "5.4.0"
      }
    },
    "color-convert": {
      "version": "1.9.2",
      "resolved": "http://registry.npm.taobao.org/color-convert/download/color-convert-1.9.2.tgz",
      "integrity": "sha1-SYgbj7pn3xKpa98/VsCqueeRMUc=",
      "dev": true,
      "requires": {
        "color-name": "1.1.1"
      }
    },
    "color-name": {
      "version": "1.1.1",
      "resolved": "http://registry.npm.taobao.org/color-name/download/color-name-1.1.1.tgz",
      "integrity": "sha1-SxQVMEz1ACjqgWQ2Q72C6gWANok=",
      "dev": true
    },
    "consolidate": {
      "version": "0.15.1",
      "resolved": "http://registry.npm.taobao.org/consolidate/download/consolidate-0.15.1.tgz",
      "integrity": "sha1-IasEMjXHGgfUXZqtmFk7DbpWurc=",
      "dev": true,
      "requires": {
        "bluebird": "3.5.1"
      }
    },
    "de-indent": {
      "version": "1.0.2",
      "resolved": "http://registry.npm.taobao.org/de-indent/download/de-indent-1.0.2.tgz",
      "integrity": "sha1-sgOOhG3DO6pXlhKNCAS0VbjB4h0=",
      "dev": true
    },
    "dot-prop": {
      "version": "4.2.0",
      "resolved": "http://registry.npm.taobao.org/dot-prop/download/dot-prop-4.2.0.tgz",
      "integrity": "sha1-HxngwuGqDjJ5fEl5nyg3rGr2nFc=",
      "dev": true,
      "requires": {
        "is-obj": "1.0.1"
      }
    },
    "escape-string-regexp": {
      "version": "1.0.5",
      "resolved": "http://registry.npm.taobao.org/escape-string-regexp/download/escape-string-regexp-1.0.5.tgz",
      "integrity": "sha1-G2HAViGQqN/2rjuyzwIAyhMLhtQ=",
      "dev": true
    },
    "has-flag": {
      "version": "3.0.0",
      "resolved": "http://registry.npm.taobao.org/has-flag/download/has-flag-3.0.0.tgz",
      "integrity": "sha1-tdRU3CGZriJWmfNGfloH87lVuv0=",
      "dev": true
    },
    "hash-sum": {
      "version": "1.0.2",
      "resolved": "http://registry.npm.taobao.org/hash-sum/download/hash-sum-1.0.2.tgz",
      "integrity": "sha1-M7QHd3VMZDJXPBIMw4CLvRDUfwQ=",
      "dev": true
    },
    "he": {
      "version": "1.1.1",
      "resolved": "http://registry.npm.taobao.org/he/download/he-1.1.1.tgz",
      "integrity": "sha1-k0EP0hsAlzUVH4howvJx80J+I/0=",
      "dev": true
    },
    "indexes-of": {
      "version": "1.0.1",
      "resolved": "http://registry.npm.taobao.org/indexes-of/download/indexes-of-1.0.1.tgz",
      "integrity": "sha1-8w9xbI4r00bHtn0985FVZqfAVgc=",
      "dev": true
    },
    "is-obj": {
      "version": "1.0.1",
      "resolved": "http://registry.npm.taobao.org/is-obj/download/is-obj-1.0.1.tgz",
      "integrity": "sha1-PkcprB9f3gJc19g6iW2rn09n2w8=",
      "dev": true
    },
    "lru-cache": {
      "version": "4.1.3",
      "resolved": "http://registry.npm.taobao.org/lru-cache/download/lru-cache-4.1.3.tgz",
      "integrity": "sha1-oRdc80lt/IQ2wVbDNLSVWZK85pw=",
      "dev": true,
      "requires": {
        "pseudomap": "1.0.2",
        "yallist": "2.1.2"
      }
    },
    "merge-source-map": {
      "version": "1.1.0",
      "resolved": "http://registry.npm.taobao.org/merge-source-map/download/merge-source-map-1.1.0.tgz",
      "integrity": "sha1-L93n5gIJOfcJBqaPLXrmheTIxkY=",
      "dev": true,
      "requires": {
        "source-map": "0.6.1"
      },
      "dependencies": {
        "source-map": {
          "version": "0.6.1",
          "resolved": "http://registry.npm.taobao.org/source-map/download/source-map-0.6.1.tgz",
          "integrity": "sha1-dHIq8y6WFOnCh6jQu95IteLxomM=",
          "dev": true
        }
      }
    },
    "postcss": {
      "version": "6.0.23",
      "resolved": "http://registry.npm.taobao.org/postcss/download/postcss-6.0.23.tgz",
      "integrity": "sha1-YcgswyisYOZ3ZF+XkFTrmLwOMyQ=",
      "dev": true,
      "requires": {
        "chalk": "2.4.1",
        "source-map": "0.6.1",
        "supports-color": "5.4.0"
      },
      "dependencies": {
        "source-map": {
          "version": "0.6.1",
          "resolved": "http://registry.npm.taobao.org/source-map/download/source-map-0.6.1.tgz",
          "integrity": "sha1-dHIq8y6WFOnCh6jQu95IteLxomM=",
          "dev": true
        }
      }
    },
    "postcss-selector-parser": {
      "version": "3.1.1",
      "resolved": "http://registry.npm.taobao.org/postcss-selector-parser/download/postcss-selector-parser-3.1.1.tgz",
      "integrity": "sha1-T4dfSvsMllc9XPTXQBGu4lCn6GU=",
      "dev": true,
      "requires": {
        "dot-prop": "4.2.0",
        "indexes-of": "1.0.1",
        "uniq": "1.0.1"
      }
    },
    "prettier": {
      "version": "1.13.5",
      "resolved": "http://registry.npm.taobao.org/prettier/download/prettier-1.13.5.tgz",
      "integrity": "sha1-euIHaZjI7c551jg06bewn+rWv9A=",
      "dev": true
    },
    "pseudomap": {
      "version": "1.0.2",
      "resolved": "http://registry.npm.taobao.org/pseudomap/download/pseudomap-1.0.2.tgz",
      "integrity": "sha1-8FKijacOYYkX7wqKw0wa5aaChrM=",
      "dev": true
    },
    "source-map": {
      "version": "0.5.7",
      "resolved": "http://registry.npm.taobao.org/source-map/download/source-map-0.5.7.tgz",
      "integrity": "sha1-igOdLRAh0i0eoUyA2OpGi6LvP8w=",
      "dev": true
    },
    "supports-color": {
      "version": "5.4.0",
      "resolved": "http://registry.npm.taobao.org/supports-color/download/supports-color-5.4.0.tgz",
      "integrity": "sha1-HGszdALCE3YF7+GfEP7DkPb6q1Q=",
      "dev": true,
      "requires": {
        "has-flag": "3.0.0"
      }
    },
    "uniq": {
      "version": "1.0.1",
      "resolved": "http://registry.npm.taobao.org/uniq/download/uniq-1.0.1.tgz",
      "integrity": "sha1-sxxa6CVIRKOoKBVBzisEuGWnNP8=",
      "dev": true
    },
    "vue": {
      "version": "2.5.16",
      "resolved": "http://registry.npm.taobao.org/vue/download/vue-2.5.16.tgz",
      "integrity": "sha1-B+23XoQSqu7YceuvqZ9GclhKAIU="
    },
    "vue-template-compiler": {
      "version": "2.5.16",
      "resolved": "http://registry.npm.taobao.org/vue-template-compiler/download/vue-template-compiler-2.5.16.tgz",
      "integrity": "sha1-k7SFcOVscgzfPwUcwVKHwm+9BMs=",
      "dev": true,
      "requires": {
        "de-indent": "1.0.2",
        "he": "1.1.1"
      }
    },
    "vue-template-es2015-compiler": {
      "version": "1.6.0",
      "resolved": "http://registry.npm.taobao.org/vue-template-es2015-compiler/download/vue-template-es2015-compiler-1.6.0.tgz",
      "integrity": "sha1-3EJpcTMwLOMBdSQ1amxht7abShg=",
      "dev": true
    },
    "yallist": {
      "version": "2.1.2",
      "resolved": "http://registry.npm.taobao.org/yallist/download/yallist-2.1.2.tgz",
      "integrity": "sha1-HBH5IY8HYImkfdUS+TxmmaaoHVI=",
      "dev": true
    }
  }
}
